
Microsoft Visual Studio Solution File, Format Version 12.00
# Visual Studio Version 17
VisualStudioVersion = 17.9.34701.34
MinimumVisualStudioVersion = 10.0.40219.1
Project("{9A19103F-16F7-4668-BE54-9A1E7A4F7556}") = "SeniorProjBackend", "Backend_Files\SeniorProjBackend.csproj", "{41108D54-5D43-4C15-9265-B4446179D771}"
EndProject
Project("{E53339B2-1760-4266-BCC7-CA923CBCF16C}") = "docker-compose", "docker-compose.dcproj", "{0E20B89B-F55D-43CA-86BF-E517F39D95D0}"
EndProject
Project("{2150E333-8FDC-42A3-9474-1A3956D46DE8}") = "Solution Items", "Solution Items", "{1D649309-74BF-4E40-8085-9F9194CA78C1}"
	ProjectSection(SolutionItems) = preProject
		nginx.conf = nginx.conf
		nginx_conf.txt = nginx_conf.txt
	EndProjectSection
EndProject
Global
	GlobalSection(SolutionConfigurationPlatforms) = preSolution
		Debug|Any CPU = Debug|Any CPU
		Release|Any CPU = Release|Any CPU
	EndGlobalSection
	GlobalSection(ProjectConfigurationPlatforms) = postSolution
		{41108D54-5D43-4C15-9265-B4446179D771}.Debug|Any CPU.ActiveCfg = Debug|Any CPU
		{41108D54-5D43-4C15-9265-B4446179D771}.Debug|Any CPU.Build.0 = Debug|Any CPU
		{41108D54-5D43-4C15-9265-B4446179D771}.Release|Any CPU.ActiveCfg = Release|Any CPU
		{41108D54-5D43-4C15-9265-B4446179D771}.Release|Any CPU.Build.0 = Release|Any CPU
		{0E20B89B-F55D-43CA-86BF-E517F39D95D0}.Debug|Any CPU.ActiveCfg = Debug|Any CPU
		{0E20B89B-F55D-43CA-86BF-E517F39D95D0}.Debug|Any CPU.Build.0 = Debug|Any CPU
		{0E20B89B-F55D-43CA-86BF-E517F39D95D0}.Release|Any CPU.ActiveCfg = Release|Any CPU
		{0E20B89B-F55D-43CA-86BF-E517F39D95D0}.Release|Any CPU.Build.0 = Release|Any CPU
	EndGlobalSection
	GlobalSection(SolutionProperties) = preSolution
		HideSolutionNode = FALSE
	EndGlobalSection
	GlobalSection(ExtensibilityGlobals) = postSolution
		SolutionGuid = {8FD3BD31-F77F-4925-968B-233C8562D49C}
	EndGlobalSection
EndGlobal
